// !$*UTF8*$!
{
	archiveVersion = 1;
	classes = {
	};
	objectVersion = 55;
	objects = {

/* Begin PBXBuildFile section */
		5F7097CA2897FC45006934D0 /* Ticket.m in Sources */ = {isa = PBXBuildFile; fileRef = 5F7097C92897FC44006934D0 /* Ticket.m */; };
		F9643C49288592EA0030945D /* AppDelegate.m in Sources */ = {isa = PBXBuildFile; fileRef = F9643C48288592EA0030945D /* AppDelegate.m */; };
		F9643C4C288592EA0030945D /* SceneDelegate.m in Sources */ = {isa = PBXBuildFile; fileRef = F9643C4B288592EA0030945D /* SceneDelegate.m */; };
		F9643C4F288592EA0030945D /* ViewController.m in Sources */ = {isa = PBXBuildFile; fileRef = F9643C4E288592EA0030945D /* ViewController.m */; };
		F9643C52288592EA0030945D /* Main.storyboard in Resources */ = {isa = PBXBuildFile; fileRef = F9643C50288592EA0030945D /* Main.storyboard */; };
		F9643C54288592EC0030945D /* Assets.xcassets in Resources */ = {isa = PBXBuildFile; fileRef = F9643C53288592EC0030945D /* Assets.xcassets */; };
		F9643C57288592EC0030945D /* LaunchScreen.storyboard in Resources */ = {isa = PBXBuildFile; fileRef = F9643C55288592EC0030945D /* LaunchScreen.storyboard */; };
		F9643C5A288592EC0030945D /* main.m in Sources */ = {isa = PBXBuildFile; fileRef = F9643C59288592EC0030945D /* main.m */; };
		F9643C62288596F80030945D /* Person.m in Sources */ = {isa = PBXBuildFile; fileRef = F9643C61288596F80030945D /* Person.m */; };
		F9643C6528859AC50030945D /* Passenger.m in Sources */ = {isa = PBXBuildFile; fileRef = F9643C6428859AC50030945D /* Passenger.m */; };
/* End PBXBuildFile section */

/* Begin PBXFileReference section */
		5F7097C92897FC44006934D0 /* Ticket.m */ = {isa = PBXFileReference; lastKnownFileType = sourcecode.c.objc; path = Ticket.m; sourceTree = "<group>"; };
		5F7097CB2897FC69006934D0 /* Ticket.h */ = {isa = PBXFileReference; lastKnownFileType = sourcecode.c.h; path = Ticket.h; sourceTree = "<group>"; };
		F9643C44288592EA0030945D /* College Demo.app */ = {isa = PBXFileReference; explicitFileType = wrapper.application; includeInIndex = 0; path = "College Demo.app"; sourceTree = BUILT_PRODUCTS_DIR; };
		F9643C47288592EA0030945D /* AppDelegate.h */ = {isa = PBXFileReference; lastKnownFileType = sourcecode.c.h; path = AppDelegate.h; sourceTree = "<group>"; };
		F9643C48288592EA0030945D /* AppDelegate.m */ = {isa = PBXFileReference; lastKnownFileType = sourcecode.c.objc; path = AppDelegate.m; sourceTree = "<group>"; };
		F9643C4A288592EA0030945D /* SceneDelegate.h */ = {isa = PBXFileReference; lastKnownFileType = sourcecode.c.h; path = SceneDelegate.h; sourceTree = "<group>"; };
		F9643C4B288592EA0030945D /* SceneDelegate.m */ = {isa = PBXFileReference; lastKnownFileType = sourcecode.c.objc; path = SceneDelegate.m; sourceTree = "<group>"; };
		F9643C4D288592EA0030945D /* ViewController.h */ = {isa = PBXFileReference; lastKnownFileType = sourcecode.c.h; path = ViewController.h; sourceTree = "<group>"; };
		F9643C4E288592EA0030945D /* ViewController.m */ = {isa = PBXFileReference; lastKnownFileType = sourcecode.c.objc; path = ViewController.m; sourceTree = "<group>"; };
		F9643C51288592EA0030945D /* Base */ = {isa = PBXFileReference; lastKnownFileType = file.storyboard; name = Base; path = Base.lproj/Main.storyboard; sourceTree = "<group>"; };
		F9643C53288592EC0030945D /* Assets.xcassets */ = {isa = PBXFileReference; lastKnownFileType = folder.assetcatalog; path = Assets.xcassets; sourceTree = "<group>"; };
		F9643C56288592EC0030945D /* Base */ = {isa = PBXFileReference; lastKnownFileType = file.storyboard; name = Base; path = Base.lproj/LaunchScreen.storyboard; sourceTree = "<group>"; };
		F9643C58288592EC0030945D /* Info.plist */ = {isa = PBXFileReference; lastKnownFileType = text.plist.xml; path = Info.plist; sourceTree = "<group>"; };
		F9643C59288592EC0030945D /* main.m */ = {isa = PBXFileReference; lastKnownFileType = sourcecode.c.objc; path = main.m; sourceTree = "<group>"; };
		F9643C60288596F80030945D /* Person.h */ = {isa = PBXFileReference; lastKnownFileType = sourcecode.c.h; path = Person.h; sourceTree = "<group>"; };
		F9643C61288596F80030945D /* Person.m */ = {isa = PBXFileReference; lastKnownFileType = sourcecode.c.objc; path = Person.m; sourceTree = "<group>"; };
		F9643C6328859AC50030945D /* Passenger.h */ = {isa = PBXFileReference; lastKnownFileType = sourcecode.c.h; path = Passenger.h; sourceTree = "<group>"; };
		F9643C6428859AC50030945D /* Passenger.m */ = {isa = PBXFileReference; lastKnownFileType = sourcecode.c.objc; path = Passenger.m; sourceTree = "<group>"; };
/* End PBXFileReference section */

/* Begin PBXFrameworksBuildPhase section */
		F9643C41288592EA0030945D /* Frameworks */ = {
			isa = PBXFrameworksBuildPhase;
			buildActionMask = 2147483647;
			files = (
			);
			runOnlyForDeploymentPostprocessing = 0;
		};
/* End PBXFrameworksBuildPhase section */

/* Begin PBXGroup section */
		F9643C3B288592EA0030945D = {
			isa = PBXGroup;
			children = (
				F9643C46288592EA0030945D /* College Demo */,
				F9643C45288592EA0030945D /* Products */,
			);
			sourceTree = "<group>";
		};
		F9643C45288592EA0030945D /* Products */ = {
			isa = PBXGroup;
			children = (
				F9643C44288592EA0030945D /* College Demo.app */,
			);
			name = Products;
			sourceTree = "<group>";
		};
		F9643C46288592EA0030945D /* College Demo */ = {
			isa = PBXGroup;
			children = (
				5F7097C92897FC44006934D0 /* Ticket.m */,
				5F7097CB2897FC69006934D0 /* Ticket.h */,
				F9643C47288592EA0030945D /* AppDelegate.h */,
				F9643C48288592EA0030945D /* AppDelegate.m */,
				F9643C4A288592EA0030945D /* SceneDelegate.h */,
				F9643C4B288592EA0030945D /* SceneDelegate.m */,
				F9643C4D288592EA0030945D /* ViewController.h */,
				F9643C4E288592EA0030945D /* ViewController.m */,
				F9643C60288596F80030945D /* Person.h */,
				F9643C61288596F80030945D /* Person.m */,
				F9643C6328859AC50030945D /* Passenger.h */,
				F9643C6428859AC50030945D /* Passenger.m */,
				F9643C50288592EA0030945D /* Main.storyboard */,
				F9643C53288592EC0030945D /* Assets.xcassets */,
				F9643C55288592EC0030945D /* LaunchScreen.storyboard */,
				F9643C58288592EC0030945D /* Info.plist */,
				F9643C59288592EC0030945D /* main.m */,
			);
			path = "College Demo";
			sourceTree = "<group>";
		};
/* End PBXGroup section */

/* Begin PBXNativeTarget section */
		F9643C43288592EA0030945D /* College Demo */ = {
			isa = PBXNativeTarget;
			buildConfigurationList = F9643C5D288592EC0030945D /* Build configuration list for PBXNativeTarget "College Demo" */;
			buildPhases = (
				F9643C40288592EA0030945D /* Sources */,
				F9643C41288592EA0030945D /* Frameworks */,
				F9643C42288592EA0030945D /* Resources */,
			);
			buildRules = (
			);
			dependencies = (
			);
			name = "College Demo";
			productName = "College Demo";
			productReference = F9643C44288592EA0030945D /* College Demo.app */;
			productType = "com.apple.product-type.application";
		};
/* End PBXNativeTarget section */

/* Begin PBXProject section */
		F9643C3C288592EA0030945D /* Project object */ = {
			isa = PBXProject;
			attributes = {
				BuildIndependentTargetsInParallel = 1;
				LastUpgradeCheck = 1340;
				TargetAttributes = {
					F9643C43288592EA0030945D = {
						CreatedOnToolsVersion = 13.4.1;
					};
				};
			};
			buildConfigurationList = F9643C3F288592EA0030945D /* Build configuration list for PBXProject "College Demo" */;
			compatibilityVersion = "Xcode 13.0";
			developmentRegion = en;
			hasScannedForEncodings = 0;
			knownRegions = (
				en,
				Base,
			);
			mainGroup = F9643C3B288592EA0030945D;
			productRefGroup = F9643C45288592EA0030945D /* Products */;
			projectDirPath = "";
			projectRoot = "";
			targets = (
				F9643C43288592EA0030945D /* College Demo */,
			);
		};
/* End PBXProject section */

/* Begin PBXResourcesBuildPhase section */
		F9643C42288592EA0030945D /* Resources */ = {
			isa = PBXResourcesBuildPhase;
			buildActionMask = 2147483647;
			files = (
				F9643C57288592EC0030945D /* LaunchScreen.storyboard in Resources */,
				F9643C54288592EC0030945D /* Assets.xcassets in Resources */,
				F9643C52288592EA0030945D /* Main.storyboard in Resources */,
			);
			runOnlyForDeploymentPostprocessing = 0;
		};
/* End PBXResourcesBuildPhase section */

/* Begin PBXSourcesBuildPhase section */
		F9643C40288592EA0030945D /* Sources */ = {
			isa = PBXSourcesBuildPhase;
			buildActionMask = 2147483647;
			files = (
				5F7097CA2897FC45006934D0 /* Ticket.m in Sources */,
				F9643C4F288592EA0030945D /* ViewController.m in Sources */,
				F9643C49288592EA0030945D /* AppDelegate.m in Sources */,
				F9643C6528859AC50030945D /* Passenger.m in Sources */,
				F9643C62288596F80030945D /* Person.m in Sources */,
				F9643C5A288592EC0030945D /* main.m in Sources */,
				F9643C4C288592EA0030945D /* SceneDelegate.m in Sources */,
			);
			runOnlyForDeploymentPostprocessing = 0;
		};
/* End PBXSourcesBuildPhase section */

/* Begin PBXVariantGroup section */
		F9643C50288592EA0030945D /* Main.storyboard */ = {
			isa = PBXVariantGroup;
			children = (
				F9643C51288592EA0030945D /* Base */,
			);
			name = Main.storyboard;
			sourceTree = "<group>";
		};
		F9643C55288592EC0030945D /* LaunchScreen.storyboard */ = {
			isa = PBXVariantGroup;
			children = (
				F9643C56288592EC0030945D /* Base */,
			);
			name = LaunchScreen.storyboard;
			sourceTree = "<group>";
		};
/* End PBXVariantGroup section */

/* Begin XCBuildConfiguration section */
		F9643C5B288592EC0030945D /* Debug */ = {
			isa = XCBuildConfiguration;
			buildSettings = {
				ALWAYS_SEARCH_USER_PATHS = NO;
				CLANG_ANALYZER_NONNULL = YES;
				CLANG_ANALYZER_NUMBER_OBJECT_CONVERSION = YES_AGGRESSIVE;
				CLANG_CXX_LANGUAGE_STANDARD = "gnu++17";
				CLANG_ENABLE_MODULES = YES;
				CLANG_ENABLE_OBJC_ARC = YES;
				CLANG_ENABLE_OBJC_WEAK = YES;
				CLANG_WARN_BLOCK_CAPTURE_AUTORELEASING = YES;
				CLANG_WARN_BOOL_CONVERSION = YES;
				CLANG_WARN_COMMA = YES;
				CLANG_WARN_CONSTANT_CONVERSION = YES;
				CLANG_WARN_DEPRECATED_OBJC_IMPLEMENTATIONS = YES;
				CLANG_WARN_DIRECT_OBJC_ISA_USAGE = YES_ERROR;
				CLANG_WARN_DOCUMENTATION_COMMENTS = YES;
				CLANG_WARN_EMPTY_BODY = YES;
				CLANG_WARN_ENUM_CONVERSION = YES;
				CLANG_WARN_INFINITE_RECURSION = YES;
				CLANG_WARN_INT_CONVERSION = YES;
				CLANG_WARN_NON_LITERAL_NULL_CONVERSION = YES;
				CLANG_WARN_OBJC_IMPLICIT_RETAIN_SELF = YES;
				CLANG_WARN_OBJC_LITERAL_CONVERSION = YES;
				CLANG_WARN_OBJC_ROOT_CLASS = YES_ERROR;
				CLANG_WARN_QUOTED_INCLUDE_IN_FRAMEWORK_HEADER = YES;
				CLANG_WARN_RANGE_LOOP_ANALYSIS = YES;
				CLANG_WARN_STRICT_PROTOTYPES = YES;
				CLANG_WARN_SUSPICIOUS_MOVE = YES;
				CLANG_WARN_UNGUARDED_AVAILABILITY = YES_AGGRESSIVE;
				CLANG_WARN_UNREACHABLE_CODE = YES;
				CLANG_WARN__DUPLICATE_METHOD_MATCH = YES;
				COPY_PHASE_STRIP = NO;
				DEBUG_INFORMATION_FORMAT = dwarf;
				ENABLE_STRICT_OBJC_MSGSEND = YES;
				ENABLE_TESTABILITY = YES;
				GCC_C_LANGUAGE_STANDARD = gnu11;
				GCC_DYNAMIC_NO_PIC = NO;
				GCC_NO_COMMON_BLOCKS = YES;
				GCC_OPTIMIZATION_LEVEL = 0;
				GCC_PREPROCESSOR_DEFINITIONS = (
					"DEBUG=1",
					"$(inherited)",
				);
				GCC_WARN_64_TO_32_BIT_CONVERSION = YES;
				GCC_WARN_ABOUT_RETURN_TYPE = YES_ERROR;
				GCC_WARN_UNDECLARED_SELECTOR = YES;
				GCC_WARN_UNINITIALIZED_AUTOS = YES_AGGRESSIVE;
				GCC_WARN_UNUSED_FUNCTION = YES;
				GCC_WARN_UNUSED_VARIABLE = YES;
				IPHONEOS_DEPLOYMENT_TARGET = 15.5;
				MTL_ENABLE_DEBUG_INFO = INCLUDE_SOURCE;
				MTL_FAST_MATH = YES;
				ONLY_ACTIVE_ARCH = YES;
				SDKROOT = iphoneos;
			};
			name = Debug;
		};
		F9643C5C288592EC0030945D /* Release */ = {
			isa = XCBuildConfiguration;
			buildSettings = {
				ALWAYS_SEARCH_USER_PATHS = NO;
				CLANG_ANALYZER_NONNULL = YES;
				CLANG_ANALYZER_NUMBER_OBJECT_CONVERSION = YES_AGGRESSIVE;
				CLANG_CXX_LANGUAGE_STANDARD = "gnu++17";
				CLANG_ENABLE_MODULES = YES;
				CLANG_ENABLE_OBJC_ARC = YES;
				CLANG_ENABLE_OBJC_WEAK = YES;
				CLANG_WARN_BLOCK_CAPTURE_AUTORELEASING = YES;
				CLANG_WARN_BOOL_CONVERSION = YES;
				CLANG_WARN_COMMA = YES;
				CLANG_WARN_CONSTANT_CONVERSION = YES;
				CLANG_WARN_DEPRECATED_OBJC_IMPLEMENTATIONS = YES;
				CLANG_WARN_DIRECT_OBJC_ISA_USAGE = YES_ERROR;
				CLANG_WARN_DOCUMENTATION_COMMENTS = YES;
				CLANG_WARN_EMPTY_BODY = YES;
				CLANG_WARN_ENUM_CONVERSION = YES;
				CLANG_WARN_INFINITE_RECURSION = YES;
				CLANG_WARN_INT_CONVERSION = YES;
				CLANG_WARN_NON_LITERAL_NULL_CONVERSION = YES;
				CLANG_WARN_OBJC_IMPLICIT_RETAIN_SELF = YES;
				CLANG_WARN_OBJC_LITERAL_CONVERSION = YES;
				CLANG_WARN_OBJC_ROOT_CLASS = YES_ERROR;
				CLANG_WARN_QUOTED_INCLUDE_IN_FRAMEWORK_HEADER = YES;
				CLANG_WARN_RANGE_LOOP_ANALYSIS = YES;
				CLANG_WARN_STRICT_PROTOTYPES = YES;
				CLANG_WARN_SUSPICIOUS_MOVE = YES;
				CLANG_WARN_UNGUARDED_AVAILABILITY = YES_AGGRESSIVE;
				CLANG_WARN_UNREACHABLE_CODE = YES;
				CLANG_WARN__DUPLICATE_METHOD_MATCH = YES;
				COPY_PHASE_STRIP = NO;
				DEBUG_INFORMATION_FORMAT = "dwarf-with-dsym";
				ENABLE_NS_ASSERTIONS = NO;
				ENABLE_STRICT_OBJC_MSGSEND = YES;
				GCC_C_LANGUAGE_STANDARD = gnu11;
				GCC_NO_COMMON_BLOCKS = YES;
				GCC_WARN_64_TO_32_BIT_CONVERSION = YES;
				GCC_WARN_ABOUT_RETURN_TYPE = YES_ERROR;
				GCC_WARN_UNDECLARED_SELECTOR = YES;
				GCC_WARN_UNINITIALIZED_AUTOS = YES_AGGRESSIVE;
				GCC_WARN_UNUSED_FUNCTION = YES;
				GCC_WARN_UNUSED_VARIABLE = YES;
				IPHONEOS_DEPLOYMENT_TARGET = 15.5;
				MTL_ENABLE_DEBUG_INFO = NO;
				MTL_FAST_MATH = YES;
				SDKROOT = iphoneos;
				VALIDATE_PRODUCT = YES;
			};
			name = Release;
		};
		F9643C5E288592EC0030945D /* Debug */ = {
			isa = XCBuildConfiguration;
			buildSettings = {
				ASSETCATALOG_COMPILER_APPICON_NAME = AppIcon;
				ASSETCATALOG_COMPILER_GLOBAL_ACCENT_COLOR_NAME = AccentColor;
				CODE_SIGN_STYLE = Automatic;
				CURRENT_PROJECT_VERSION = 1;
				DEVELOPMENT_TEAM = ZR7UBKHVR3;
				GENERATE_INFOPLIST_FILE = YES;
				INFOPLIST_FILE = "College Demo/Info.plist";
				INFOPLIST_KEY_UIApplicationSupportsIndirectInputEvents = YES;
				INFOPLIST_KEY_UILaunchStoryboardName = LaunchScreen;
				INFOPLIST_KEY_UIMainStoryboardFile = Main;
				INFOPLIST_KEY_UISupportedInterfaceOrientations_iPad = "UIInterfaceOrientationPortrait UIInterfaceOrientationPortraitUpsideDown UIInterfaceOrientationLandscapeLeft UIInterfaceOrientationLandscapeRight";
				INFOPLIST_KEY_UISupportedInterfaceOrientations_iPhone = "UIInterfaceOrientationPortrait UIInterfaceOrientationLandscapeLeft UIInterfaceOrientationLandscapeRight";
				LD_RUNPATH_SEARCH_PATHS = (
					"$(inherited)",
					"@executable_path/Frameworks",
				);
				MARKETING_VERSION = 1.0;
				PRODUCT_BUNDLE_IDENTIFIER = "bytedance.College-Demo";
				PRODUCT_NAME = "$(TARGET_NAME)";
				SWIFT_EMIT_LOC_STRINGS = YES;
				TARGETED_DEVICE_FAMILY = "1,2";
			};
			name = Debug;
		};
		F9643C5F288592EC0030945D /* Release */ = {
			isa = XCBuildConfiguration;
			buildSettings = {
				ASSETCATALOG_COMPILER_APPICON_NAME = AppIcon;
				ASSETCATALOG_COMPILER_GLOBAL_ACCENT_COLOR_NAME = AccentColor;
				CODE_SIGN_STYLE = Automatic;
				CURRENT_PROJECT_VERSION = 1;
				DEVELOPMENT_TEAM = ZR7UBKHVR3;
				GENERATE_INFOPLIST_FILE = YES;
				INFOPLIST_FILE = "College Demo/Info.plist";
				INFOPLIST_KEY_UIApplicationSupportsIndirectInputEvents = YES;
				INFOPLIST_KEY_UILaunchStoryboardName = LaunchScreen;
				INFOPLIST_KEY_UIMainStoryboardFile = Main;
				INFOPLIST_KEY_UISupportedInterfaceOrientations_iPad = "UIInterfaceOrientationPortrait UIInterfaceOrientationPortraitUpsideDown UIInterfaceOrientationLandscapeLeft UIInterfaceOrientationLandscapeRight";
				INFOPLIST_KEY_UISupportedInterfaceOrientations_iPhone = "UIInterfaceOrientationPortrait UIInterfaceOrientationLandscapeLeft UIInterfaceOrientationLandscapeRight";
				LD_RUNPATH_SEARCH_PATHS = (
					"$(inherited)",
					"@executable_path/Frameworks",
				);
				MARKETING_VERSION = 1.0;
				PRODUCT_BUNDLE_IDENTIFIER = "bytedance.College-Demo";
				PRODUCT_NAME = "$(TARGET_NAME)";
				SWIFT_EMIT_LOC_STRINGS = YES;
				TARGETED_DEVICE_FAMILY = "1,2";
			};
			name = Release;
		};
/* End XCBuildConfiguration section */

/* Begin XCConfigurationList section */
		F9643C3F288592EA0030945D /* Build configuration list for PBXProject "College Demo" */ = {
			isa = XCConfigurationList;
			buildConfigurations = (
				F9643C5B288592EC0030945D /* Debug */,
				F9643C5C288592EC0030945D /* Release */,
			);
			defaultConfigurationIsVisible = 0;
			defaultConfigurationName = Release;
		};
		F9643C5D288592EC0030945D /* Build configuration list for PBXNativeTarget "College Demo" */ = {
			isa = XCConfigurationList;
			buildConfigurations = (
				F9643C5E288592EC0030945D /* Debug */,
				F9643C5F288592EC0030945D /* Release */,
			);
			defaultConfigurationIsVisible = 0;
			defaultConfigurationName = Release;
		};
/* End XCConfigurationList section */
	};
	rootObject = F9643C3C288592EA0030945D /* Project object */;
}
